
Microsoft Visual Studio Solution File, Format Version 12.00
# Visual Studio Version 16
VisualStudioVersion = 16.0.30717.126
MinimumVisualStudioVersion = 10.0.40219.1
Project("{8BC9CEB8-8B4A-11D0-8D11-00A0C91BC942}") = "POproj1", "POproj1\POproj1.vcxproj", "{915BB16C-298A-4592-BFA4-EA058E959B34}"
EndProject
Global
	GlobalSection(SolutionConfigurationPlatforms) = preSolution
		Debug|x64 = Debug|x64
		Debug|x86 = Debug|x86
		Release|x64 = Release|x64
		Release|x86 = Release|x86
	EndGlobalSection
	GlobalSection(ProjectConfigurationPlatforms) = postSolution
		{915BB16C-298A-4592-BFA4-EA058E959B34}.Debug|x64.ActiveCfg = Debug|x64
		{915BB16C-298A-4592-BFA4-EA058E959B34}.Debug|x64.Build.0 = Debug|x64
		{915BB16C-298A-4592-BFA4-EA058E959B34}.Debug|x86.ActiveCfg = Debug|Win32
		{915BB16C-298A-4592-BFA4-EA058E959B34}.Debug|x86.Build.0 = Debug|Win32
		{915BB16C-298A-4592-BFA4-EA058E959B34}.Release|x64.ActiveCfg = Release|x64
		{915BB16C-298A-4592-BFA4-EA058E959B34}.Release|x64.Build.0 = Release|x64
		{915BB16C-298A-4592-BFA4-EA058E959B34}.Release|x86.ActiveCfg = Release|Win32
		{915BB16C-298A-4592-BFA4-EA058E959B34}.Release|x86.Build.0 = Release|Win32
	EndGlobalSection
	GlobalSection(SolutionProperties) = preSolution
		HideSolutionNode = FALSE
	EndGlobalSection
	GlobalSection(ExtensibilityGlobals) = postSolution
		SolutionGuid = {0C0572D1-9BA3-4C18-A2A0-B08BA31D7F88}
	EndGlobalSection
EndGlobal
